# FAST-LIVO2 runtime lock for the ActuCore image.
#
# Every checkout below is an immutable full Git SHA; the G1 patches are
# additionally verified by sha256 before they are applied.
FAST_LIVO2_REPO=https://github.com/Rhymer-Lcy/FAST-LIVO2-ROS2-MID360-Fisheye.git
FAST_LIVO2_COMMIT=1fcd0d05cadaeb25ca59fd87cda95aaaee41e3ea
FAST_LIVO2_RUNTIME_PATCH_SHA256=c4d6ebc202663464c796ce50b4cd82e6563c1ddab3edfbda90695e43ed214607
FAST_LIVO2_PCD_SAVE_PATCH_SHA256=b3afa3e64b5743898c829fe34891f828027eb372324d05a8c94357f9cacd6ec4
FAST_LIVO2_PCD_FLUSH_PATCH_SHA256=1484bfba11408e3efd87360a63fef1787f2b2ceaf75e8d8abdd5a17e3474beeb
RPG_VIKIT_REPO=https://github.com/Rhymer-Lcy/rpg_vikit_ros2_fisheye.git
RPG_VIKIT_COMMIT=0b5548d9adab58128f3a59a507e96a83acfa8fdf
SOPHUS_REPO=https://github.com/strasdat/Sophus.git
SOPHUS_COMMIT=de0f8d3d92bf776271e16de56d1803940ebccab9
