# Nav2 runtime lock for the ActuCore image.
#
# ActuCore's base image is Ubuntu 20.04 with a source-built ROS Humble
# install-space under /opt/ros/humble/install. The ros-humble-* Debian archive
# only exists for Jammy, so Nav2 and its missing dependencies are built from
# immutable source revisions.
APT_UBUNTU_MIRROR=mirrors.tuna.tsinghua.edu.cn
GIT_MIRROR_PREFIX=https://ghfast.top/

# navigation2 tag 1.1.20 — matches the retired ros-humble-navigation2 package
NAVIGATION2_REPO=https://github.com/ros-navigation/navigation2.git
NAVIGATION2_COMMIT=a097086719c88f781aa59788eca29ac6ca5e56db
NAVIGATION2_RUNTIME_PATCH_SHA256=ccf9b2d64ef9332aa1d3b9792c2ef1ae70cde87f3ef7c71ed467a8d5b4f06383

BEHAVIORTREE_CPP_REPO=https://github.com/BehaviorTree/BehaviorTree.CPP.git
BEHAVIORTREE_CPP_COMMIT=9d624dc7797b4752e5f8616793ffcee4b540a185
ANGLES_REPO=https://github.com/ros/angles.git
ANGLES_COMMIT=4b71a44dd2b3a24d7af30bf94b0ba34ece1d0558
BOND_CORE_REPO=https://github.com/ros/bond_core.git
BOND_CORE_COMMIT=1e589099eb383e488e6078154018cd382a792ea8
DIAGNOSTICS_REPO=https://github.com/ros/diagnostics.git
DIAGNOSTICS_COMMIT=de779cfd3bff7975f158971c58bedf0581148f9a
NAVIGATION_MSGS_REPO=https://github.com/ros-planning/navigation_msgs.git
NAVIGATION_MSGS_COMMIT=1d8683359734a2c829b5cdb6b5a4e015bbbcb6a5
LASER_GEOMETRY_REPO=https://github.com/ros-perception/laser_geometry.git
LASER_GEOMETRY_COMMIT=d53b925d25b4b5657261a44f4479365965cc2363
